// !$*UTF8*$!
{
	archiveVersion = 1;
	classes = {
	};
	objectVersion = 50;
	objects = {

/* Begin PBXBuildFile section */
		182FD70A2430CA960056D564 /* AppDelegate.swift in Sources */ = {isa = PBXBuildFile; fileRef = 182FD7092430CA960056D564 /* AppDelegate.swift */; };
		182FD70C2430CA960056D564 /* SceneDelegate.swift in Sources */ = {isa = PBXBuildFile; fileRef = 182FD70B2430CA960056D564 /* SceneDelegate.swift */; };
		182FD70E2430CA960056D564 /* ViewController.swift in Sources */ = {isa = PBXBuildFile; fileRef = 182FD70D2430CA960056D564 /* ViewController.swift */; };
		182FD7112430CA960056D564 /* Main.storyboard in Resources */ = {isa = PBXBuildFile; fileRef = 182FD70F2430CA960056D564 /* Main.storyboard */; };
		182FD7132430CA980056D564 /* Assets.xcassets in Resources */ = {isa = PBXBuildFile; fileRef = 182FD7122430CA980056D564 /* Assets.xcassets */; };
		182FD7162430CA980056D564 /* LaunchScreen.storyboard in Resources */ = {isa = PBXBuildFile; fileRef = 182FD7142430CA980056D564 /* LaunchScreen.storyboard */; };
		47DE986F37B3BE8415B44417 /* Pods_Hala.framework in Frameworks */ = {isa = PBXBuildFile; fileRef = 51DD59CEA5CB54DB4EC1AFEC /* Pods_Hala.framework */; };
/* End PBXBuildFile section */

/* Begin PBXFileReference section */
		182FD7062430CA960056D564 /* Hala.app */ = {isa = PBXFileReference; explicitFileType = wrapper.application; includeInIndex = 0; path = Hala.app; sourceTree = BUILT_PRODUCTS_DIR; };
		182FD7092430CA960056D564 /* AppDelegate.swift */ = {isa = PBXFileReference; lastKnownFileType = sourcecode.swift; path = AppDelegate.swift; sourceTree = "<group>"; };
		182FD70B2430CA960056D564 /* SceneDelegate.swift */ = {isa = PBXFileReference; lastKnownFileType = sourcecode.swift; path = SceneDelegate.swift; sourceTree = "<group>"; };
		182FD70D2430CA960056D564 /* ViewController.swift */ = {isa = PBXFileReference; lastKnownFileType = sourcecode.swift; path = ViewController.swift; sourceTree = "<group>"; };
		182FD7102430CA960056D564 /* Base */ = {isa = PBXFileReference; lastKnownFileType = file.storyboard; name = Base; path = Base.lproj/Main.storyboard; sourceTree = "<group>"; };
		182FD7122430CA980056D564 /* Assets.xcassets */ = {isa = PBXFileReference; lastKnownFileType = folder.assetcatalog; path = Assets.xcassets; sourceTree = "<group>"; };
		182FD7152430CA980056D564 /* Base */ = {isa = PBXFileReference; lastKnownFileType = file.storyboard; name = Base; path = Base.lproj/LaunchScreen.storyboard; sourceTree = "<group>"; };
		182FD7172430CA980056D564 /* Info.plist */ = {isa = PBXFileReference; lastKnownFileType = text.plist.xml; path = Info.plist; sourceTree = "<group>"; };
		51DD59CEA5CB54DB4EC1AFEC /* Pods_Hala.framework */ = {isa = PBXFileReference; explicitFileType = wrapper.framework; includeInIndex = 0; path = Pods_Hala.framework; sourceTree = BUILT_PRODUCTS_DIR; };
		F1D06564BC43CD86898BBCF7 /* Pods-Hala.release.xcconfig */ = {isa = PBXFileReference; includeInIndex = 1; lastKnownFileType = text.xcconfig; name = "Pods-Hala.release.xcconfig"; path = "Target Support Files/Pods-Hala/Pods-Hala.release.xcconfig"; sourceTree = "<group>"; };
		F814CD482B02339D5F312C1A /* Pods-Hala.debug.xcconfig */ = {isa = PBXFileReference; includeInIndex = 1; lastKnownFileType = text.xcconfig; name = "Pods-Hala.debug.xcconfig"; path = "Target Support Files/Pods-Hala/Pods-Hala.debug.xcconfig"; sourceTree = "<group>"; };
/* End PBXFileReference section */

/* Begin PBXFrameworksBuildPhase section */
		182FD7032430CA960056D564 /* Frameworks */ = {
			isa = PBXFrameworksBuildPhase;
			buildActionMask = 2147483647;
			files = (
				47DE986F37B3BE8415B44417 /* Pods_Hala.framework in Frameworks */,
			);
			runOnlyForDeploymentPostprocessing = 0;
		};
/* End PBXFrameworksBuildPhase section */

/* Begin PBXGroup section */
		182FD6FD2430CA960056D564 = {
			isa = PBXGroup;
			children = (
				182FD7082430CA960056D564 /* Hala */,
				182FD7072430CA960056D564 /* Products */,
				7F0049E6176264822FC99E9B /* Pods */,
				40A9784EA7690C5B4E9C4216 /* Frameworks */,
			);
			sourceTree = "<group>";
		};
		182FD7072430CA960056D564 /* Products */ = {
			isa = PBXGroup;
			children = (
				182FD7062430CA960056D564 /* Hala.app */,
			);
			name = Products;
			sourceTree = "<group>";
		};
		182FD7082430CA960056D564 /* Hala */ = {
			isa = PBXGroup;
			children = (
				182FD7092430CA960056D564 /* AppDelegate.swift */,
				182FD70B2430CA960056D564 /* SceneDelegate.swift */,
				182FD70D2430CA960056D564 /* ViewController.swift */,
				182FD70F2430CA960056D564 /* Main.storyboard */,
				182FD7122430CA980056D564 /* Assets.xcassets */,
				182FD7142430CA980056D564 /* LaunchScreen.storyboard */,
				182FD7172430CA980056D564 /* Info.plist */,
			);
			path = Hala;
			sourceTree = "<group>";
		};
		40A9784EA7690C5B4E9C4216 /* Frameworks */ = {
			isa = PBXGroup;
			children = (
				51DD59CEA5CB54DB4EC1AFEC /* Pods_Hala.framework */,
			);
			name = Frameworks;
			sourceTree = "<group>";
		};
		7F0049E6176264822FC99E9B /* Pods */ = {
			isa = PBXGroup;
			children = (
				F814CD482B02339D5F312C1A /* Pods-Hala.debug.xcconfig */,
				F1D06564BC43CD86898BBCF7 /* Pods-Hala.release.xcconfig */,
			);
			name = Pods;
			path = Pods;
			sourceTree = "<group>";
		};
/* End PBXGroup section */

/* Begin PBXNativeTarget section */
		182FD7052430CA960056D564 /* Hala */ = {
			isa = PBXNativeTarget;
			buildConfigurationList = 182FD71A2430CA980056D564 /* Build configuration list for PBXNativeTarget "Hala" */;
			buildPhases = (
				8D368402B7CD2E7ED5E3DEBB /* [CP] Check Pods Manifest.lock */,
				182FD7022430CA960056D564 /* Sources */,
				182FD7032430CA960056D564 /* Frameworks */,
				182FD7042430CA960056D564 /* Resources */,
			);
			buildRules = (
			);
			dependencies = (
			);
			name = Hala;
			productName = Hala;
			productReference = 182FD7062430CA960056D564 /* Hala.app */;
			productType = "com.apple.product-type.application";
		};
/* End PBXNativeTarget section */

/* Begin PBXProject section */
		182FD6FE2430CA960056D564 /* Project object */ = {
			isa = PBXProject;
			attributes = {
				LastSwiftUpdateCheck = 1130;
				LastUpgradeCheck = 1130;
				ORGANIZATIONNAME = Hasan;
				TargetAttributes = {
					182FD7052430CA960056D564 = {
						CreatedOnToolsVersion = 11.3;
					};
				};
			};
			buildConfigurationList = 182FD7012430CA960056D564 /* Build configuration list for PBXProject "Hala" */;
			compatibilityVersion = "Xcode 9.3";
			developmentRegion = en;
			hasScannedForEncodings = 0;
			knownRegions = (
				en,
				Base,
			);
			mainGroup = 182FD6FD2430CA960056D564;
			productRefGroup = 182FD7072430CA960056D564 /* Products */;
			projectDirPath = "";
			projectRoot = "";
			targets = (
				182FD7052430CA960056D564 /* Hala */,
			);
		};
/* End PBXProject section */

/* Begin PBXResourcesBuildPhase section */
		182FD7042430CA960056D564 /* Resources */ = {
			isa = PBXResourcesBuildPhase;
			buildActionMask = 2147483647;
			files = (
				182FD7162430CA980056D564 /* LaunchScreen.storyboard in Resources */,
				182FD7132430CA980056D564 /* Assets.xcassets in Resources */,
				182FD7112430CA960056D564 /* Main.storyboard in Resources */,
			);
			runOnlyForDeploymentPostprocessing = 0;
		};
/* End PBXResourcesBuildPhase section */

/* Begin PBXShellScriptBuildPhase section */
		8D368402B7CD2E7ED5E3DEBB /* [CP] Check Pods Manifest.lock */ = {
			isa = PBXShellScriptBuildPhase;
			buildActionMask = 2147483647;
			files = (
			);
			inputFileListPaths = (
			);
			inputPaths = (
				"${PODS_PODFILE_DIR_PATH}/Podfile.lock",
				"${PODS_ROOT}/Manifest.lock",
			);
			name = "[CP] Check Pods Manifest.lock";
			outputFileListPaths = (
			);
			outputPaths = (
				"$(DERIVED_FILE_DIR)/Pods-Hala-checkManifestLockResult.txt",
			);
			runOnlyForDeploymentPostprocessing = 0;
			shellPath = /bin/sh;
			shellScript = "diff \"${PODS_PODFILE_DIR_PATH}/Podfile.lock\" \"${PODS_ROOT}/Manifest.lock\" > /dev/null\nif [ $? != 0 ] ; then\n    # print error to STDERR\n    echo \"error: The sandbox is not in sync with the Podfile.lock. Run 'pod install' or update your CocoaPods installation.\" >&2\n    exit 1\nfi\n# This output is used by Xcode 'outputs' to avoid re-running this script phase.\necho \"SUCCESS\" > \"${SCRIPT_OUTPUT_FILE_0}\"\n";
			showEnvVarsInLog = 0;
		};
/* End PBXShellScriptBuildPhase section */

/* Begin PBXSourcesBuildPhase section */
		182FD7022430CA960056D564 /* Sources */ = {
			isa = PBXSourcesBuildPhase;
			buildActionMask = 2147483647;
			files = (
				182FD70E2430CA960056D564 /* ViewController.swift in Sources */,
				182FD70A2430CA960056D564 /* AppDelegate.swift in Sources */,
				182FD70C2430CA960056D564 /* SceneDelegate.swift in Sources */,
			);
			runOnlyForDeploymentPostprocessing = 0;
		};
/* End PBXSourcesBuildPhase section */

/* Begin PBXVariantGroup section */
		182FD70F2430CA960056D564 /* Main.storyboard */ = {
			isa = PBXVariantGroup;
			children = (
				182FD7102430CA960056D564 /* Base */,
			);
			name = Main.storyboard;
			sourceTree = "<group>";
		};
		182FD7142430CA980056D564 /* LaunchScreen.storyboard */ = {
			isa = PBXVariantGroup;
			children = (
				182FD7152430CA980056D564 /* Base */,
			);
			name = LaunchScreen.storyboard;
			sourceTree = "<group>";
		};
/* End PBXVariantGroup section */

/* Begin XCBuildConfiguration section */
		182FD7182430CA980056D564 /* Debug */ = {
			isa = XCBuildConfiguration;
			buildSettings = {
				ALWAYS_SEARCH_USER_PATHS = NO;
				CLANG_ANALYZER_NONNULL = YES;
				CLANG_ANALYZER_NUMBER_OBJECT_CONVERSION = YES_AGGRESSIVE;
				CLANG_CXX_LANGUAGE_STANDARD = "gnu++14";
				CLANG_CXX_LIBRARY = "libc++";
				CLANG_ENABLE_MODULES = YES;
				CLANG_ENABLE_OBJC_ARC = YES;
				CLANG_ENABLE_OBJC_WEAK = YES;
				CLANG_WARN_BLOCK_CAPTURE_AUTORELEASING = YES;
				CLANG_WARN_BOOL_CONVERSION = YES;
				CLANG_WARN_COMMA = YES;
				CLANG_WARN_CONSTANT_CONVERSION = YES;
				CLANG_WARN_DEPRECATED_OBJC_IMPLEMENTATIONS = YES;
				CLANG_WARN_DIRECT_OBJC_ISA_USAGE = YES_ERROR;
				CLANG_WARN_DOCUMENTATION_COMMENTS = YES;
				CLANG_WARN_EMPTY_BODY = YES;
				CLANG_WARN_ENUM_CONVERSION = YES;
				CLANG_WARN_INFINITE_RECURSION = YES;
				CLANG_WARN_INT_CONVERSION = YES;
				CLANG_WARN_NON_LITERAL_NULL_CONVERSION = YES;
				CLANG_WARN_OBJC_IMPLICIT_RETAIN_SELF = YES;
				CLANG_WARN_OBJC_LITERAL_CONVERSION = YES;
				CLANG_WARN_OBJC_ROOT_CLASS = YES_ERROR;
				CLANG_WARN_RANGE_LOOP_ANALYSIS = YES;
				CLANG_WARN_STRICT_PROTOTYPES = YES;
				CLANG_WARN_SUSPICIOUS_MOVE = YES;
				CLANG_WARN_UNGUARDED_AVAILABILITY = YES_AGGRESSIVE;
				CLANG_WARN_UNREACHABLE_CODE = YES;
				CLANG_WARN__DUPLICATE_METHOD_MATCH = YES;
				COPY_PHASE_STRIP = NO;
				DEBUG_INFORMATION_FORMAT = dwarf;
				ENABLE_STRICT_OBJC_MSGSEND = YES;
				ENABLE_TESTABILITY = YES;
				GCC_C_LANGUAGE_STANDARD = gnu11;
				GCC_DYNAMIC_NO_PIC = NO;
				GCC_NO_COMMON_BLOCKS = YES;
				GCC_OPTIMIZATION_LEVEL = 0;
				GCC_PREPROCESSOR_DEFINITIONS = (
					"DEBUG=1",
					"$(inherited)",
				);
				GCC_WARN_64_TO_32_BIT_CONVERSION = YES;
				GCC_WARN_ABOUT_RETURN_TYPE = YES_ERROR;
				GCC_WARN_UNDECLARED_SELECTOR = YES;
				GCC_WARN_UNINITIALIZED_AUTOS = YES_AGGRESSIVE;
				GCC_WARN_UNUSED_FUNCTION = YES;
				GCC_WARN_UNUSED_VARIABLE = YES;
				IPHONEOS_DEPLOYMENT_TARGET = 13.2;
				MTL_ENABLE_DEBUG_INFO = INCLUDE_SOURCE;
				MTL_FAST_MATH = YES;
				ONLY_ACTIVE_ARCH = YES;
				SDKROOT = iphoneos;
				SWIFT_ACTIVE_COMPILATION_CONDITIONS = DEBUG;
				SWIFT_OPTIMIZATION_LEVEL = "-Onone";
			};
			name = Debug;
		};
		182FD7192430CA980056D564 /* Release */ = {
			isa = XCBuildConfiguration;
			buildSettings = {
				ALWAYS_SEARCH_USER_PATHS = NO;
				CLANG_ANALYZER_NONNULL = YES;
				CLANG_ANALYZER_NUMBER_OBJECT_CONVERSION = YES_AGGRESSIVE;
				CLANG_CXX_LANGUAGE_STANDARD = "gnu++14";
				CLANG_CXX_LIBRARY = "libc++";
				CLANG_ENABLE_MODULES = YES;
				CLANG_ENABLE_OBJC_ARC = YES;
				CLANG_ENABLE_OBJC_WEAK = YES;
				CLANG_WARN_BLOCK_CAPTURE_AUTORELEASING = YES;
				CLANG_WARN_BOOL_CONVERSION = YES;
				CLANG_WARN_COMMA = YES;
				CLANG_WARN_CONSTANT_CONVERSION = YES;
				CLANG_WARN_DEPRECATED_OBJC_IMPLEMENTATIONS = YES;
				CLANG_WARN_DIRECT_OBJC_ISA_USAGE = YES_ERROR;
				CLANG_WARN_DOCUMENTATION_COMMENTS = YES;
				CLANG_WARN_EMPTY_BODY = YES;
				CLANG_WARN_ENUM_CONVERSION = YES;
				CLANG_WARN_INFINITE_RECURSION = YES;
				CLANG_WARN_INT_CONVERSION = YES;
				CLANG_WARN_NON_LITERAL_NULL_CONVERSION = YES;
				CLANG_WARN_OBJC_IMPLICIT_RETAIN_SELF = YES;
				CLANG_WARN_OBJC_LITERAL_CONVERSION = YES;
				CLANG_WARN_OBJC_ROOT_CLASS = YES_ERROR;
				CLANG_WARN_RANGE_LOOP_ANALYSIS = YES;
				CLANG_WARN_STRICT_PROTOTYPES = YES;
				CLANG_WARN_SUSPICIOUS_MOVE = YES;
				CLANG_WARN_UNGUARDED_AVAILABILITY = YES_AGGRESSIVE;
				CLANG_WARN_UNREACHABLE_CODE = YES;
				CLANG_WARN__DUPLICATE_METHOD_MATCH = YES;
				COPY_PHASE_STRIP = NO;
				DEBUG_INFORMATION_FORMAT = "dwarf-with-dsym";
				ENABLE_NS_ASSERTIONS = NO;
				ENABLE_STRICT_OBJC_MSGSEND = YES;
				GCC_C_LANGUAGE_STANDARD = gnu11;
				GCC_NO_COMMON_BLOCKS = YES;
				GCC_WARN_64_TO_32_BIT_CONVERSION = YES;
				GCC_WARN_ABOUT_RETURN_TYPE = YES_ERROR;
				GCC_WARN_UNDECLARED_SELECTOR = YES;
				GCC_WARN_UNINITIALIZED_AUTOS = YES_AGGRESSIVE;
				GCC_WARN_UNUSED_FUNCTION = YES;
				GCC_WARN_UNUSED_VARIABLE = YES;
				IPHONEOS_DEPLOYMENT_TARGET = 13.2;
				MTL_ENABLE_DEBUG_INFO = NO;
				MTL_FAST_MATH = YES;
				SDKROOT = iphoneos;
				SWIFT_COMPILATION_MODE = wholemodule;
				SWIFT_OPTIMIZATION_LEVEL = "-O";
				VALIDATE_PRODUCT = YES;
			};
			name = Release;
		};
		182FD71B2430CA980056D564 /* Debug */ = {
			isa = XCBuildConfiguration;
			baseConfigurationReference = F814CD482B02339D5F312C1A /* Pods-Hala.debug.xcconfig */;
			buildSettings = {
				ASSETCATALOG_COMPILER_APPICON_NAME = AppIcon;
				CODE_SIGN_STYLE = Automatic;
				INFOPLIST_FILE = Hala/Info.plist;
				LD_RUNPATH_SEARCH_PATHS = (
					"$(inherited)",
					"@executable_path/Frameworks",
				);
				PRODUCT_BUNDLE_IDENTIFIER = com.hasan.Hala;
				PRODUCT_NAME = "$(TARGET_NAME)";
				SWIFT_VERSION = 5.0;
				TARGETED_DEVICE_FAMILY = "1,2";
			};
			name = Debug;
		};
		182FD71C2430CA980056D564 /* Release */ = {
			isa = XCBuildConfiguration;
			baseConfigurationReference = F1D06564BC43CD86898BBCF7 /* Pods-Hala.release.xcconfig */;
			buildSettings = {
				ASSETCATALOG_COMPILER_APPICON_NAME = AppIcon;
				CODE_SIGN_STYLE = Automatic;
				INFOPLIST_FILE = Hala/Info.plist;
				LD_RUNPATH_SEARCH_PATHS = (
					"$(inherited)",
					"@executable_path/Frameworks",
				);
				PRODUCT_BUNDLE_IDENTIFIER = com.hasan.Hala;
				PRODUCT_NAME = "$(TARGET_NAME)";
				SWIFT_VERSION = 5.0;
				TARGETED_DEVICE_FAMILY = "1,2";
			};
			name = Release;
		};
/* End XCBuildConfiguration section */

/* Begin XCConfigurationList section */
		182FD7012430CA960056D564 /* Build configuration list for PBXProject "Hala" */ = {
			isa = XCConfigurationList;
			buildConfigurations = (
				182FD7182430CA980056D564 /* Debug */,
				182FD7192430CA980056D564 /* Release */,
			);
			defaultConfigurationIsVisible = 0;
			defaultConfigurationName = Release;
		};
		182FD71A2430CA980056D564 /* Build configuration list for PBXNativeTarget "Hala" */ = {
			isa = XCConfigurationList;
			buildConfigurations = (
				182FD71B2430CA980056D564 /* Debug */,
				182FD71C2430CA980056D564 /* Release */,
			);
			defaultConfigurationIsVisible = 0;
			defaultConfigurationName = Release;
		};
/* End XCConfigurationList section */
	};
	rootObject = 182FD6FE2430CA960056D564 /* Project object */;
}
